<?xml version="1.0" encoding="utf-8"?>
<Project ToolsVersion="14.0" xmlns="http://schemas.microsoft.com/developer/msbuild/2003">
  <ItemGroup>
    <Filter Include="Resources">
      <UniqueIdentifier>bfe38fb3-23b5-46c6-ac91-0ead269923fa</UniqueIdentifier>
      <Extensions>rc;ico;cur;bmp;dlg;rc2;rct;bin;rgs;gif;jpg;jpeg;jpe;resx;tga;tiff;tif;png;wav;mfcribbon-ms</Extensions>
    </Filter>
  </ItemGroup>
  <ItemGroup>
    <ClCompile Include="pch.cpp" />
    <ClCompile Include="BackgroundTask.cpp" />
    <ClCompile Include="FlacMediaStreamSourceProvider.cpp" />
  </ItemGroup>
  <ItemGroup>
    <ClInclude Include="pch.h" />
    <ClInclude Include="BackgroundTask.h" />
    <ClInclude Include="FlacMediaStreamSourceProvider.h" />
    <ClInclude Include="ProducerConsumerQueue.h" />
  </ItemGroup>
</Project>